
Microsoft Visual Studio Solution File, Format Version 12.00
# Visual Studio Version 16
VisualStudioVersion = 16.0.29609.76
MinimumVisualStudioVersion = 10.0.40219.1
Project("{FAE04EC0-301F-11D3-BF4B-00C04F79EFBC}") = "TerminalPad", "TerminalPad\TerminalPad.csproj", "{6DD28396-16ED-492E-9EB4-6E80CD3FF3A0}"
EndProject
Global
	GlobalSection(SolutionConfigurationPlatforms) = preSolution
		Debug|Any CPU = Debug|Any CPU
		Release|Any CPU = Release|Any CPU
	EndGlobalSection
	GlobalSection(ProjectConfigurationPlatforms) = postSolution
		{6DD28396-16ED-492E-9EB4-6E80CD3FF3A0}.Debug|Any CPU.ActiveCfg = Debug|Any CPU
		{6DD28396-16ED-492E-9EB4-6E80CD3FF3A0}.Debug|Any CPU.Build.0 = Debug|Any CPU
		{6DD28396-16ED-492E-9EB4-6E80CD3FF3A0}.Release|Any CPU.ActiveCfg = Release|Any CPU
		{6DD28396-16ED-492E-9EB4-6E80CD3FF3A0}.Release|Any CPU.Build.0 = Release|Any CPU
	EndGlobalSection
	GlobalSection(SolutionProperties) = preSolution
		HideSolutionNode = FALSE
	EndGlobalSection
	GlobalSection(ExtensibilityGlobals) = postSolution
		SolutionGuid = {DAF2D332-2E85-44C4-925F-2B6AE51F91A4}
	EndGlobalSection
EndGlobal
